
Microsoft Visual Studio Solution File, Format Version 12.00
# Visual Studio 15
VisualStudioVersion = 15.0.26228.4
MinimumVisualStudioVersion = 10.0.40219.1
Project("{8BC9CEB8-8B4A-11D0-8D11-00A0C91BC942}") = "Daramee.FatFX.Generator", "Daramee.FatFX.Generator\Daramee.FatFX.Generator.vcxproj", "{C824FAF9-4E02-45FC-B95F-1B52CCC00414}"
EndProject
Project("{8BC9CEB8-8B4A-11D0-8D11-00A0C91BC942}") = "Daramee.FatFX.Cpp", "Daramee.FatFX.Cpp\Daramee.FatFX.Cpp.vcxproj", "{16236817-B90E-4350-B50D-01E4AF523417}"
EndProject
Project("{2150E333-8FDC-42A3-9474-1A3956D46DE8}") = "FatFX Codecs", "FatFX Codecs", "{EEC9A984-8603-4A8F-BA5A-EEB6FDAC99DB}"
EndProject
Project("{2150E333-8FDC-42A3-9474-1A3956D46DE8}") = "FatFX Generators", "FatFX Generators", "{EC3EDFC9-C92D-4148-A407-03D2D0C57238}"
EndProject
Project("{FAE04EC0-301F-11D3-BF4B-00C04F79EFBC}") = "Daramee.FatFX.Csharp", "Daramee.FatFX.Csharp\Daramee.FatFX.Csharp.csproj", "{4ED252CB-F947-436E-94EE-7EA714E734A2}"
EndProject
Global
	GlobalSection(SolutionConfigurationPlatforms) = preSolution
		Debug|Any CPU = Debug|Any CPU
		Debug|x64 = Debug|x64
		Debug|x86 = Debug|x86
		Release|Any CPU = Release|Any CPU
		Release|x64 = Release|x64
		Release|x86 = Release|x86
	EndGlobalSection
	GlobalSection(ProjectConfigurationPlatforms) = postSolution
		{C824FAF9-4E02-45FC-B95F-1B52CCC00414}.Debug|Any CPU.ActiveCfg = Debug|Win32
		{C824FAF9-4E02-45FC-B95F-1B52CCC00414}.Debug|x64.ActiveCfg = Debug|x64
		{C824FAF9-4E02-45FC-B95F-1B52CCC00414}.Debug|x64.Build.0 = Debug|x64
		{C824FAF9-4E02-45FC-B95F-1B52CCC00414}.Debug|x86.ActiveCfg = Debug|Win32
		{C824FAF9-4E02-45FC-B95F-1B52CCC00414}.Debug|x86.Build.0 = Debug|Win32
		{C824FAF9-4E02-45FC-B95F-1B52CCC00414}.Release|Any CPU.ActiveCfg = Release|Win32
		{C824FAF9-4E02-45FC-B95F-1B52CCC00414}.Release|x64.ActiveCfg = Release|x64
		{C824FAF9-4E02-45FC-B95F-1B52CCC00414}.Release|x64.Build.0 = Release|x64
		{C824FAF9-4E02-45FC-B95F-1B52CCC00414}.Release|x86.ActiveCfg = Release|Win32
		{C824FAF9-4E02-45FC-B95F-1B52CCC00414}.Release|x86.Build.0 = Release|Win32
		{16236817-B90E-4350-B50D-01E4AF523417}.Debug|Any CPU.ActiveCfg = Debug|Win32
		{16236817-B90E-4350-B50D-01E4AF523417}.Debug|x64.ActiveCfg = Debug|x64
		{16236817-B90E-4350-B50D-01E4AF523417}.Debug|x64.Build.0 = Debug|x64
		{16236817-B90E-4350-B50D-01E4AF523417}.Debug|x86.ActiveCfg = Debug|Win32
		{16236817-B90E-4350-B50D-01E4AF523417}.Debug|x86.Build.0 = Debug|Win32
		{16236817-B90E-4350-B50D-01E4AF523417}.Release|Any CPU.ActiveCfg = Release|Win32
		{16236817-B90E-4350-B50D-01E4AF523417}.Release|x64.ActiveCfg = Release|x64
		{16236817-B90E-4350-B50D-01E4AF523417}.Release|x64.Build.0 = Release|x64
		{16236817-B90E-4350-B50D-01E4AF523417}.Release|x86.ActiveCfg = Release|Win32
		{16236817-B90E-4350-B50D-01E4AF523417}.Release|x86.Build.0 = Release|Win32
		{4ED252CB-F947-436E-94EE-7EA714E734A2}.Debug|Any CPU.ActiveCfg = Debug|Any CPU
		{4ED252CB-F947-436E-94EE-7EA714E734A2}.Debug|Any CPU.Build.0 = Debug|Any CPU
		{4ED252CB-F947-436E-94EE-7EA714E734A2}.Debug|x64.ActiveCfg = Debug|Any CPU
		{4ED252CB-F947-436E-94EE-7EA714E734A2}.Debug|x64.Build.0 = Debug|Any CPU
		{4ED252CB-F947-436E-94EE-7EA714E734A2}.Debug|x86.ActiveCfg = Debug|Any CPU
		{4ED252CB-F947-436E-94EE-7EA714E734A2}.Debug|x86.Build.0 = Debug|Any CPU
		{4ED252CB-F947-436E-94EE-7EA714E734A2}.Release|Any CPU.ActiveCfg = Release|Any CPU
		{4ED252CB-F947-436E-94EE-7EA714E734A2}.Release|Any CPU.Build.0 = Release|Any CPU
		{4ED252CB-F947-436E-94EE-7EA714E734A2}.Release|x64.ActiveCfg = Release|Any CPU
		{4ED252CB-F947-436E-94EE-7EA714E734A2}.Release|x64.Build.0 = Release|Any CPU
		{4ED252CB-F947-436E-94EE-7EA714E734A2}.Release|x86.ActiveCfg = Release|Any CPU
		{4ED252CB-F947-436E-94EE-7EA714E734A2}.Release|x86.Build.0 = Release|Any CPU
	EndGlobalSection
	GlobalSection(SolutionProperties) = preSolution
		HideSolutionNode = FALSE
	EndGlobalSection
	GlobalSection(NestedProjects) = preSolution
		{C824FAF9-4E02-45FC-B95F-1B52CCC00414} = {EC3EDFC9-C92D-4148-A407-03D2D0C57238}
		{16236817-B90E-4350-B50D-01E4AF523417} = {EEC9A984-8603-4A8F-BA5A-EEB6FDAC99DB}
		{4ED252CB-F947-436E-94EE-7EA714E734A2} = {EEC9A984-8603-4A8F-BA5A-EEB6FDAC99DB}
	EndGlobalSection
EndGlobal
